
Microsoft Visual Studio Solution File, Format Version 12.00
# Visual Studio Version 16
VisualStudioVersion = 16.0.29709.97
MinimumVisualStudioVersion = 10.0.40219.1
Project("{FAE04EC0-301F-11D3-BF4B-00C04F79EFBC}") = "ProjModelFirst", "ProjModelFirst\ProjModelFirst.csproj", "{0E329F16-8A1F-4E62-9A76-E5DA88170F83}"
EndProject
Global
	GlobalSection(SolutionConfigurationPlatforms) = preSolution
		Debug|Any CPU = Debug|Any CPU
		Release|Any CPU = Release|Any CPU
	EndGlobalSection
	GlobalSection(ProjectConfigurationPlatforms) = postSolution
		{0E329F16-8A1F-4E62-9A76-E5DA88170F83}.Debug|Any CPU.ActiveCfg = Debug|Any CPU
		{0E329F16-8A1F-4E62-9A76-E5DA88170F83}.Debug|Any CPU.Build.0 = Debug|Any CPU
		{0E329F16-8A1F-4E62-9A76-E5DA88170F83}.Release|Any CPU.ActiveCfg = Release|Any CPU
		{0E329F16-8A1F-4E62-9A76-E5DA88170F83}.Release|Any CPU.Build.0 = Release|Any CPU
	EndGlobalSection
	GlobalSection(SolutionProperties) = preSolution
		HideSolutionNode = FALSE
	EndGlobalSection
	GlobalSection(ExtensibilityGlobals) = postSolution
		SolutionGuid = {B5358C8E-B1E4-4899-B9E1-75115B86FB90}
	EndGlobalSection
EndGlobal
